
Microsoft Visual Studio Solution File, Format Version 12.00
# Visual Studio Version 16
VisualStudioVersion = 16.0.30011.22
MinimumVisualStudioVersion = 10.0.40219.1
Project("{9A19103F-16F7-4668-BE54-9A1E7A4F7556}") = "Verve.Identity.Core.Service", "Verve.Identity.Core.Service\Verve.Identity.Core.Service.csproj", "{30270289-48FE-4934-A814-B975AE4D7453}"
EndProject
Project("{9A19103F-16F7-4668-BE54-9A1E7A4F7556}") = "Verve.Identity.Core.Model", "Verve.Identity.Core.Model\Verve.Identity.Core.Model.csproj", "{0046B406-9774-4A78-A4D4-4C8120BD1CB5}"
EndProject
Project("{9A19103F-16F7-4668-BE54-9A1E7A4F7556}") = "Verve.Identity.Core.IdentityContext", "Verve.Identity.Core.IdentityContext\Verve.Identity.Core.IdentityContext.csproj", "{66C2A0EE-936B-4036-8049-5CB3BA13B4CA}"
EndProject
Global
	GlobalSection(SolutionConfigurationPlatforms) = preSolution
		Debug|Any CPU = Debug|Any CPU
		Release|Any CPU = Release|Any CPU
	EndGlobalSection
	GlobalSection(ProjectConfigurationPlatforms) = postSolution
		{30270289-48FE-4934-A814-B975AE4D7453}.Debug|Any CPU.ActiveCfg = Debug|Any CPU
		{30270289-48FE-4934-A814-B975AE4D7453}.Debug|Any CPU.Build.0 = Debug|Any CPU
		{30270289-48FE-4934-A814-B975AE4D7453}.Release|Any CPU.ActiveCfg = Release|Any CPU
		{30270289-48FE-4934-A814-B975AE4D7453}.Release|Any CPU.Build.0 = Release|Any CPU
		{0046B406-9774-4A78-A4D4-4C8120BD1CB5}.Debug|Any CPU.ActiveCfg = Debug|Any CPU
		{0046B406-9774-4A78-A4D4-4C8120BD1CB5}.Debug|Any CPU.Build.0 = Debug|Any CPU
		{0046B406-9774-4A78-A4D4-4C8120BD1CB5}.Release|Any CPU.ActiveCfg = Release|Any CPU
		{0046B406-9774-4A78-A4D4-4C8120BD1CB5}.Release|Any CPU.Build.0 = Release|Any CPU
		{66C2A0EE-936B-4036-8049-5CB3BA13B4CA}.Debug|Any CPU.ActiveCfg = Debug|Any CPU
		{66C2A0EE-936B-4036-8049-5CB3BA13B4CA}.Debug|Any CPU.Build.0 = Debug|Any CPU
		{66C2A0EE-936B-4036-8049-5CB3BA13B4CA}.Release|Any CPU.ActiveCfg = Release|Any CPU
		{66C2A0EE-936B-4036-8049-5CB3BA13B4CA}.Release|Any CPU.Build.0 = Release|Any CPU
	EndGlobalSection
	GlobalSection(SolutionProperties) = preSolution
		HideSolutionNode = FALSE
	EndGlobalSection
	GlobalSection(ExtensibilityGlobals) = postSolution
		SolutionGuid = {D2DF9F92-A0CA-4FDB-AA1F-835260926914}
	EndGlobalSection
EndGlobal
